
Microsoft Visual Studio Solution File, Format Version 12.00
# Visual Studio Version 17
VisualStudioVersion = 17.7.34024.191
MinimumVisualStudioVersion = 10.0.40219.1
Project("{888888A0-9F3D-457C-B088-3A5042F75D52}") = "GUICalculator", "GUICalculator\GUICalculator.pyproj", "{0E7B7722-ED6C-43A1-8B66-987405EDE702}"
EndProject
Global
	GlobalSection(SolutionConfigurationPlatforms) = preSolution
		Debug|Any CPU = Debug|Any CPU
		Release|Any CPU = Release|Any CPU
	EndGlobalSection
	GlobalSection(ProjectConfigurationPlatforms) = postSolution
		{0E7B7722-ED6C-43A1-8B66-987405EDE702}.Debug|Any CPU.ActiveCfg = Debug|Any CPU
		{0E7B7722-ED6C-43A1-8B66-987405EDE702}.Release|Any CPU.ActiveCfg = Release|Any CPU
	EndGlobalSection
	GlobalSection(SolutionProperties) = preSolution
		HideSolutionNode = FALSE
	EndGlobalSection
	GlobalSection(ExtensibilityGlobals) = postSolution
		SolutionGuid = {4D15BD58-71F0-47B6-8DAE-D00653E39820}
	EndGlobalSection
EndGlobal
